
Microsoft Visual Studio Solution File, Format Version 12.00
# Visual Studio 15
VisualStudioVersion = 15.0.28307.136
MinimumVisualStudioVersion = 10.0.40219.1
Project("{FAE04EC0-301F-11D3-BF4B-00C04F79EFBC}") = "UmbracoTesting", "UmbracoTesting\UmbracoTesting.csproj", "{5DAB6D5E-996A-45AB-AB45-38298963F247}"
EndProject
Global
	GlobalSection(SolutionConfigurationPlatforms) = preSolution
		Debug|Any CPU = Debug|Any CPU
		Release|Any CPU = Release|Any CPU
	EndGlobalSection
	GlobalSection(ProjectConfigurationPlatforms) = postSolution
		{5DAB6D5E-996A-45AB-AB45-38298963F247}.Debug|Any CPU.ActiveCfg = Debug|Any CPU
		{5DAB6D5E-996A-45AB-AB45-38298963F247}.Debug|Any CPU.Build.0 = Debug|Any CPU
		{5DAB6D5E-996A-45AB-AB45-38298963F247}.Release|Any CPU.ActiveCfg = Release|Any CPU
		{5DAB6D5E-996A-45AB-AB45-38298963F247}.Release|Any CPU.Build.0 = Release|Any CPU
	EndGlobalSection
	GlobalSection(SolutionProperties) = preSolution
		HideSolutionNode = FALSE
	EndGlobalSection
	GlobalSection(ExtensibilityGlobals) = postSolution
		SolutionGuid = {62A2F7CE-87E5-43D8-9E78-B24F0F70D283}
	EndGlobalSection
EndGlobal
